
Microsoft Visual Studio Solution File, Format Version 12.00
# Visual Studio Version 17
VisualStudioVersion = 17.5.002.0
MinimumVisualStudioVersion = 10.0.40219.1
Project("{9A19103F-16F7-4668-BE54-9A1E7A4F7556}") = "consoleApp", "consoleApp.csproj", "{899EC7BA-2665-44C2-8B8F-143D8F87BC9F}"
EndProject
Global
	GlobalSection(SolutionConfigurationPlatforms) = preSolution
		Debug|Any CPU = Debug|Any CPU
		Release|Any CPU = Release|Any CPU
	EndGlobalSection
	GlobalSection(ProjectConfigurationPlatforms) = postSolution
		{899EC7BA-2665-44C2-8B8F-143D8F87BC9F}.Debug|Any CPU.ActiveCfg = Debug|Any CPU
		{899EC7BA-2665-44C2-8B8F-143D8F87BC9F}.Debug|Any CPU.Build.0 = Debug|Any CPU
		{899EC7BA-2665-44C2-8B8F-143D8F87BC9F}.Release|Any CPU.ActiveCfg = Release|Any CPU
		{899EC7BA-2665-44C2-8B8F-143D8F87BC9F}.Release|Any CPU.Build.0 = Release|Any CPU
	EndGlobalSection
	GlobalSection(SolutionProperties) = preSolution
		HideSolutionNode = FALSE
	EndGlobalSection
	GlobalSection(ExtensibilityGlobals) = postSolution
		SolutionGuid = {38C5AB53-CD05-4CCD-BDAD-096BE9B4294E}
	EndGlobalSection
EndGlobal
